
Microsoft Visual Studio Solution File, Format Version 12.00
# Visual Studio 2012
Project("{FAE04EC0-301F-11D3-BF4B-00C04F79EFBC}") = "Task2", "Task2\Task2.csproj", "{EDC3AA93-A5B6-430B-9EB2-5B6C921D7B68}"
EndProject
Global
	GlobalSection(SolutionConfigurationPlatforms) = preSolution
		Debug|x86 = Debug|x86
		Release|x86 = Release|x86
	EndGlobalSection
	GlobalSection(ProjectConfigurationPlatforms) = postSolution
		{EDC3AA93-A5B6-430B-9EB2-5B6C921D7B68}.Debug|x86.ActiveCfg = Debug|x86
		{EDC3AA93-A5B6-430B-9EB2-5B6C921D7B68}.Debug|x86.Build.0 = Debug|x86
		{EDC3AA93-A5B6-430B-9EB2-5B6C921D7B68}.Release|x86.ActiveCfg = Release|x86
		{EDC3AA93-A5B6-430B-9EB2-5B6C921D7B68}.Release|x86.Build.0 = Release|x86
	EndGlobalSection
EndGlobal
