
Microsoft Visual Studio Solution File, Format Version 12.00
# Visual Studio 2012
Project("{FAE04EC0-301F-11D3-BF4B-00C04F79EFBC}") = "lesson2", "lesson2\lesson2.csproj", "{AE43DD76-1565-45B5-950A-7351EBAA3571}"
EndProject
Global
	GlobalSection(SolutionConfigurationPlatforms) = preSolution
		Debug|x86 = Debug|x86
		Release|x86 = Release|x86
	EndGlobalSection
	GlobalSection(ProjectConfigurationPlatforms) = postSolution
		{AE43DD76-1565-45B5-950A-7351EBAA3571}.Debug|x86.ActiveCfg = Debug|x86
		{AE43DD76-1565-45B5-950A-7351EBAA3571}.Debug|x86.Build.0 = Debug|x86
		{AE43DD76-1565-45B5-950A-7351EBAA3571}.Release|x86.ActiveCfg = Release|x86
		{AE43DD76-1565-45B5-950A-7351EBAA3571}.Release|x86.Build.0 = Release|x86
	EndGlobalSection
EndGlobal
